
Microsoft Visual Studio Solution File, Format Version 12.00
# Visual Studio Version 17
VisualStudioVersion = 17.3.32811.315
MinimumVisualStudioVersion = 10.0.40219.1
Project("{FAE04EC0-301F-11D3-BF4B-00C04F79EFBC}") = "Consultorio", "Consultorio\Consultorio.csproj", "{4A22E34A-40D8-46D9-83E7-BF0F2856A48A}"
EndProject
Global
	GlobalSection(SolutionConfigurationPlatforms) = preSolution
		Debug|Any CPU = Debug|Any CPU
		Release|Any CPU = Release|Any CPU
	EndGlobalSection
	GlobalSection(ProjectConfigurationPlatforms) = postSolution
		{4A22E34A-40D8-46D9-83E7-BF0F2856A48A}.Debug|Any CPU.ActiveCfg = Debug|Any CPU
		{4A22E34A-40D8-46D9-83E7-BF0F2856A48A}.Debug|Any CPU.Build.0 = Debug|Any CPU
		{4A22E34A-40D8-46D9-83E7-BF0F2856A48A}.Release|Any CPU.ActiveCfg = Release|Any CPU
		{4A22E34A-40D8-46D9-83E7-BF0F2856A48A}.Release|Any CPU.Build.0 = Release|Any CPU
	EndGlobalSection
	GlobalSection(SolutionProperties) = preSolution
		HideSolutionNode = FALSE
	EndGlobalSection
	GlobalSection(ExtensibilityGlobals) = postSolution
		SolutionGuid = {0FE43FB7-DBE1-403C-B4A1-B6EA1E6AB8A1}
	EndGlobalSection
EndGlobal
